// !$*UTF8*$!
{
	archiveVersion = 1;
	classes = {
	};
	objectVersion = 50;
	objects = {

/* Begin PBXBuildFile section */
		277EE00226A6C7BF00B280EB /* AppDelegate.swift in Sources */ = {isa = PBXBuildFile; fileRef = 277EE00126A6C7BF00B280EB /* AppDelegate.swift */; };
		277EE00426A6C7BF00B280EB /* SceneDelegate.swift in Sources */ = {isa = PBXBuildFile; fileRef = 277EE00326A6C7BF00B280EB /* SceneDelegate.swift */; };
		277EE00626A6C7BF00B280EB /* ViewController.swift in Sources */ = {isa = PBXBuildFile; fileRef = 277EE00526A6C7BF00B280EB /* ViewController.swift */; };
		277EE00926A6C7BF00B280EB /* Main.storyboard in Resources */ = {isa = PBXBuildFile; fileRef = 277EE00726A6C7BF00B280EB /* Main.storyboard */; };
		277EE00B26A6C7CA00B280EB /* Assets.xcassets in Resources */ = {isa = PBXBuildFile; fileRef = 277EE00A26A6C7CA00B280EB /* Assets.xcassets */; };
		277EE00E26A6C7CA00B280EB /* LaunchScreen.storyboard in Resources */ = {isa = PBXBuildFile; fileRef = 277EE00C26A6C7CA00B280EB /* LaunchScreen.storyboard */; };
		277EE01826A6CB6A00B280EB /* Sort.swift in Sources */ = {isa = PBXBuildFile; fileRef = 277EE01726A6CB6A00B280EB /* Sort.swift */; };
		27BF487626AE7A850060D910 /* LCListSolution.swift in Sources */ = {isa = PBXBuildFile; fileRef = 27BF487526AE7A850060D910 /* LCListSolution.swift */; };
		27BF487C26AE7B190060D910 /* LCArraySolution.swift in Sources */ = {isa = PBXBuildFile; fileRef = 27BF487B26AE7B190060D910 /* LCArraySolution.swift */; };
/* End PBXBuildFile section */

/* Begin PBXFileReference section */
		277EDFFE26A6C7BF00B280EB /* LeetCodeSwift.app */ = {isa = PBXFileReference; explicitFileType = wrapper.application; includeInIndex = 0; path = LeetCodeSwift.app; sourceTree = BUILT_PRODUCTS_DIR; };
		277EE00126A6C7BF00B280EB /* AppDelegate.swift */ = {isa = PBXFileReference; lastKnownFileType = sourcecode.swift; path = AppDelegate.swift; sourceTree = "<group>"; };
		277EE00326A6C7BF00B280EB /* SceneDelegate.swift */ = {isa = PBXFileReference; lastKnownFileType = sourcecode.swift; path = SceneDelegate.swift; sourceTree = "<group>"; };
		277EE00526A6C7BF00B280EB /* ViewController.swift */ = {isa = PBXFileReference; lastKnownFileType = sourcecode.swift; path = ViewController.swift; sourceTree = "<group>"; };
		277EE00826A6C7BF00B280EB /* Base */ = {isa = PBXFileReference; lastKnownFileType = file.storyboard; name = Base; path = Base.lproj/Main.storyboard; sourceTree = "<group>"; };
		277EE00A26A6C7CA00B280EB /* Assets.xcassets */ = {isa = PBXFileReference; lastKnownFileType = folder.assetcatalog; path = Assets.xcassets; sourceTree = "<group>"; };
		277EE00D26A6C7CA00B280EB /* Base */ = {isa = PBXFileReference; lastKnownFileType = file.storyboard; name = Base; path = Base.lproj/LaunchScreen.storyboard; sourceTree = "<group>"; };
		277EE00F26A6C7CA00B280EB /* Info.plist */ = {isa = PBXFileReference; lastKnownFileType = text.plist.xml; path = Info.plist; sourceTree = "<group>"; };
		277EE01726A6CB6A00B280EB /* Sort.swift */ = {isa = PBXFileReference; lastKnownFileType = sourcecode.swift; path = Sort.swift; sourceTree = "<group>"; };
		27BF487526AE7A850060D910 /* LCListSolution.swift */ = {isa = PBXFileReference; lastKnownFileType = sourcecode.swift; path = LCListSolution.swift; sourceTree = "<group>"; };
		27BF487B26AE7B190060D910 /* LCArraySolution.swift */ = {isa = PBXFileReference; lastKnownFileType = sourcecode.swift; path = LCArraySolution.swift; sourceTree = "<group>"; };
/* End PBXFileReference section */

/* Begin PBXFrameworksBuildPhase section */
		277EDFFB26A6C7BF00B280EB /* Frameworks */ = {
			isa = PBXFrameworksBuildPhase;
			buildActionMask = 2147483647;
			files = (
			);
			runOnlyForDeploymentPostprocessing = 0;
		};
/* End PBXFrameworksBuildPhase section */

/* Begin PBXGroup section */
		277EDFF526A6C7BF00B280EB = {
			isa = PBXGroup;
			children = (
				277EE00026A6C7BF00B280EB /* LeetCodeSwift */,
				277EDFFF26A6C7BF00B280EB /* Products */,
			);
			sourceTree = "<group>";
		};
		277EDFFF26A6C7BF00B280EB /* Products */ = {
			isa = PBXGroup;
			children = (
				277EDFFE26A6C7BF00B280EB /* LeetCodeSwift.app */,
			);
			name = Products;
			sourceTree = "<group>";
		};
		277EE00026A6C7BF00B280EB /* LeetCodeSwift */ = {
			isa = PBXGroup;
			children = (
				277EE00126A6C7BF00B280EB /* AppDelegate.swift */,
				277EE00326A6C7BF00B280EB /* SceneDelegate.swift */,
				277EE00526A6C7BF00B280EB /* ViewController.swift */,
				27BF487B26AE7B190060D910 /* LCArraySolution.swift */,
				27BF487526AE7A850060D910 /* LCListSolution.swift */,
				277EE01726A6CB6A00B280EB /* Sort.swift */,
				277EE00726A6C7BF00B280EB /* Main.storyboard */,
				277EE00A26A6C7CA00B280EB /* Assets.xcassets */,
				277EE00C26A6C7CA00B280EB /* LaunchScreen.storyboard */,
				277EE00F26A6C7CA00B280EB /* Info.plist */,
			);
			path = LeetCodeSwift;
			sourceTree = "<group>";
		};
/* End PBXGroup section */

/* Begin PBXNativeTarget section */
		277EDFFD26A6C7BF00B280EB /* LeetCodeSwift */ = {
			isa = PBXNativeTarget;
			buildConfigurationList = 277EE01226A6C7CA00B280EB /* Build configuration list for PBXNativeTarget "LeetCodeSwift" */;
			buildPhases = (
				277EDFFA26A6C7BF00B280EB /* Sources */,
				277EDFFB26A6C7BF00B280EB /* Frameworks */,
				277EDFFC26A6C7BF00B280EB /* Resources */,
			);
			buildRules = (
			);
			dependencies = (
			);
			name = LeetCodeSwift;
			productName = LeetCodeSwift;
			productReference = 277EDFFE26A6C7BF00B280EB /* LeetCodeSwift.app */;
			productType = "com.apple.product-type.application";
		};
/* End PBXNativeTarget section */

/* Begin PBXProject section */
		277EDFF626A6C7BF00B280EB /* Project object */ = {
			isa = PBXProject;
			attributes = {
				LastSwiftUpdateCheck = 1240;
				LastUpgradeCheck = 1240;
				TargetAttributes = {
					277EDFFD26A6C7BF00B280EB = {
						CreatedOnToolsVersion = 12.4;
					};
				};
			};
			buildConfigurationList = 277EDFF926A6C7BF00B280EB /* Build configuration list for PBXProject "LeetCodeSwift" */;
			compatibilityVersion = "Xcode 9.3";
			developmentRegion = en;
			hasScannedForEncodings = 0;
			knownRegions = (
				en,
				Base,
			);
			mainGroup = 277EDFF526A6C7BF00B280EB;
			productRefGroup = 277EDFFF26A6C7BF00B280EB /* Products */;
			projectDirPath = "";
			projectRoot = "";
			targets = (
				277EDFFD26A6C7BF00B280EB /* LeetCodeSwift */,
			);
		};
/* End PBXProject section */

/* Begin PBXResourcesBuildPhase section */
		277EDFFC26A6C7BF00B280EB /* Resources */ = {
			isa = PBXResourcesBuildPhase;
			buildActionMask = 2147483647;
			files = (
				277EE00E26A6C7CA00B280EB /* LaunchScreen.storyboard in Resources */,
				277EE00B26A6C7CA00B280EB /* Assets.xcassets in Resources */,
				277EE00926A6C7BF00B280EB /* Main.storyboard in Resources */,
			);
			runOnlyForDeploymentPostprocessing = 0;
		};
/* End PBXResourcesBuildPhase section */

/* Begin PBXSourcesBuildPhase section */
		277EDFFA26A6C7BF00B280EB /* Sources */ = {
			isa = PBXSourcesBuildPhase;
			buildActionMask = 2147483647;
			files = (
				277EE00626A6C7BF00B280EB /* ViewController.swift in Sources */,
				277EE01826A6CB6A00B280EB /* Sort.swift in Sources */,
				277EE00226A6C7BF00B280EB /* AppDelegate.swift in Sources */,
				277EE00426A6C7BF00B280EB /* SceneDelegate.swift in Sources */,
				27BF487626AE7A850060D910 /* LCListSolution.swift in Sources */,
				27BF487C26AE7B190060D910 /* LCArraySolution.swift in Sources */,
			);
			runOnlyForDeploymentPostprocessing = 0;
		};
/* End PBXSourcesBuildPhase section */

/* Begin PBXVariantGroup section */
		277EE00726A6C7BF00B280EB /* Main.storyboard */ = {
			isa = PBXVariantGroup;
			children = (
				277EE00826A6C7BF00B280EB /* Base */,
			);
			name = Main.storyboard;
			sourceTree = "<group>";
		};
		277EE00C26A6C7CA00B280EB /* LaunchScreen.storyboard */ = {
			isa = PBXVariantGroup;
			children = (
				277EE00D26A6C7CA00B280EB /* Base */,
			);
			name = LaunchScreen.storyboard;
			sourceTree = "<group>";
		};
/* End PBXVariantGroup section */

/* Begin XCBuildConfiguration section */
		277EE01026A6C7CA00B280EB /* Debug */ = {
			isa = XCBuildConfiguration;
			buildSettings = {
				ALWAYS_SEARCH_USER_PATHS = NO;
				CLANG_ANALYZER_NONNULL = YES;
				CLANG_ANALYZER_NUMBER_OBJECT_CONVERSION = YES_AGGRESSIVE;
				CLANG_CXX_LANGUAGE_STANDARD = "gnu++14";
				CLANG_CXX_LIBRARY = "libc++";
				CLANG_ENABLE_MODULES = YES;
				CLANG_ENABLE_OBJC_ARC = YES;
				CLANG_ENABLE_OBJC_WEAK = YES;
				CLANG_WARN_BLOCK_CAPTURE_AUTORELEASING = YES;
				CLANG_WARN_BOOL_CONVERSION = YES;
				CLANG_WARN_COMMA = YES;
				CLANG_WARN_CONSTANT_CONVERSION = YES;
				CLANG_WARN_DEPRECATED_OBJC_IMPLEMENTATIONS = YES;
				CLANG_WARN_DIRECT_OBJC_ISA_USAGE = YES_ERROR;
				CLANG_WARN_DOCUMENTATION_COMMENTS = YES;
				CLANG_WARN_EMPTY_BODY = YES;
				CLANG_WARN_ENUM_CONVERSION = YES;
				CLANG_WARN_INFINITE_RECURSION = YES;
				CLANG_WARN_INT_CONVERSION = YES;
				CLANG_WARN_NON_LITERAL_NULL_CONVERSION = YES;
				CLANG_WARN_OBJC_IMPLICIT_RETAIN_SELF = YES;
				CLANG_WARN_OBJC_LITERAL_CONVERSION = YES;
				CLANG_WARN_OBJC_ROOT_CLASS = YES_ERROR;
				CLANG_WARN_QUOTED_INCLUDE_IN_FRAMEWORK_HEADER = YES;
				CLANG_WARN_RANGE_LOOP_ANALYSIS = YES;
				CLANG_WARN_STRICT_PROTOTYPES = YES;
				CLANG_WARN_SUSPICIOUS_MOVE = YES;
				CLANG_WARN_UNGUARDED_AVAILABILITY = YES_AGGRESSIVE;
				CLANG_WARN_UNREACHABLE_CODE = YES;
				CLANG_WARN__DUPLICATE_METHOD_MATCH = YES;
				COPY_PHASE_STRIP = NO;
				DEBUG_INFORMATION_FORMAT = dwarf;
				ENABLE_STRICT_OBJC_MSGSEND = YES;
				ENABLE_TESTABILITY = YES;
				GCC_C_LANGUAGE_STANDARD = gnu11;
				GCC_DYNAMIC_NO_PIC = NO;
				GCC_NO_COMMON_BLOCKS = YES;
				GCC_OPTIMIZATION_LEVEL = 0;
				GCC_PREPROCESSOR_DEFINITIONS = (
					"DEBUG=1",
					"$(inherited)",
				);
				GCC_WARN_64_TO_32_BIT_CONVERSION = YES;
				GCC_WARN_ABOUT_RETURN_TYPE = YES_ERROR;
				GCC_WARN_UNDECLARED_SELECTOR = YES;
				GCC_WARN_UNINITIALIZED_AUTOS = YES_AGGRESSIVE;
				GCC_WARN_UNUSED_FUNCTION = YES;
				GCC_WARN_UNUSED_VARIABLE = YES;
				IPHONEOS_DEPLOYMENT_TARGET = 14.4;
				MTL_ENABLE_DEBUG_INFO = INCLUDE_SOURCE;
				MTL_FAST_MATH = YES;
				ONLY_ACTIVE_ARCH = YES;
				SDKROOT = iphoneos;
				SWIFT_ACTIVE_COMPILATION_CONDITIONS = DEBUG;
				SWIFT_OPTIMIZATION_LEVEL = "-Onone";
			};
			name = Debug;
		};
		277EE01126A6C7CA00B280EB /* Release */ = {
			isa = XCBuildConfiguration;
			buildSettings = {
				ALWAYS_SEARCH_USER_PATHS = NO;
				CLANG_ANALYZER_NONNULL = YES;
				CLANG_ANALYZER_NUMBER_OBJECT_CONVERSION = YES_AGGRESSIVE;
				CLANG_CXX_LANGUAGE_STANDARD = "gnu++14";
				CLANG_CXX_LIBRARY = "libc++";
				CLANG_ENABLE_MODULES = YES;
				CLANG_ENABLE_OBJC_ARC = YES;
				CLANG_ENABLE_OBJC_WEAK = YES;
				CLANG_WARN_BLOCK_CAPTURE_AUTORELEASING = YES;
				CLANG_WARN_BOOL_CONVERSION = YES;
				CLANG_WARN_COMMA = YES;
				CLANG_WARN_CONSTANT_CONVERSION = YES;
				CLANG_WARN_DEPRECATED_OBJC_IMPLEMENTATIONS = YES;
				CLANG_WARN_DIRECT_OBJC_ISA_USAGE = YES_ERROR;
				CLANG_WARN_DOCUMENTATION_COMMENTS = YES;
				CLANG_WARN_EMPTY_BODY = YES;
				CLANG_WARN_ENUM_CONVERSION = YES;
				CLANG_WARN_INFINITE_RECURSION = YES;
				CLANG_WARN_INT_CONVERSION = YES;
				CLANG_WARN_NON_LITERAL_NULL_CONVERSION = YES;
				CLANG_WARN_OBJC_IMPLICIT_RETAIN_SELF = YES;
				CLANG_WARN_OBJC_LITERAL_CONVERSION = YES;
				CLANG_WARN_OBJC_ROOT_CLASS = YES_ERROR;
				CLANG_WARN_QUOTED_INCLUDE_IN_FRAMEWORK_HEADER = YES;
				CLANG_WARN_RANGE_LOOP_ANALYSIS = YES;
				CLANG_WARN_STRICT_PROTOTYPES = YES;
				CLANG_WARN_SUSPICIOUS_MOVE = YES;
				CLANG_WARN_UNGUARDED_AVAILABILITY = YES_AGGRESSIVE;
				CLANG_WARN_UNREACHABLE_CODE = YES;
				CLANG_WARN__DUPLICATE_METHOD_MATCH = YES;
				COPY_PHASE_STRIP = NO;
				DEBUG_INFORMATION_FORMAT = "dwarf-with-dsym";
				ENABLE_NS_ASSERTIONS = NO;
				ENABLE_STRICT_OBJC_MSGSEND = YES;
				GCC_C_LANGUAGE_STANDARD = gnu11;
				GCC_NO_COMMON_BLOCKS = YES;
				GCC_WARN_64_TO_32_BIT_CONVERSION = YES;
				GCC_WARN_ABOUT_RETURN_TYPE = YES_ERROR;
				GCC_WARN_UNDECLARED_SELECTOR = YES;
				GCC_WARN_UNINITIALIZED_AUTOS = YES_AGGRESSIVE;
				GCC_WARN_UNUSED_FUNCTION = YES;
				GCC_WARN_UNUSED_VARIABLE = YES;
				IPHONEOS_DEPLOYMENT_TARGET = 14.4;
				MTL_ENABLE_DEBUG_INFO = NO;
				MTL_FAST_MATH = YES;
				SDKROOT = iphoneos;
				SWIFT_COMPILATION_MODE = wholemodule;
				SWIFT_OPTIMIZATION_LEVEL = "-O";
				VALIDATE_PRODUCT = YES;
			};
			name = Release;
		};
		277EE01326A6C7CA00B280EB /* Debug */ = {
			isa = XCBuildConfiguration;
			buildSettings = {
				ASSETCATALOG_COMPILER_APPICON_NAME = AppIcon;
				ASSETCATALOG_COMPILER_GLOBAL_ACCENT_COLOR_NAME = AccentColor;
				CODE_SIGN_STYLE = Automatic;
				DEVELOPMENT_TEAM = X86L5A5P2C;
				INFOPLIST_FILE = LeetCodeSwift/Info.plist;
				LD_RUNPATH_SEARCH_PATHS = (
					"$(inherited)",
					"@executable_path/Frameworks",
				);
				PRODUCT_BUNDLE_IDENTIFIER = com.tianrui.LeetCodeSwift;
				PRODUCT_NAME = "$(TARGET_NAME)";
				SWIFT_VERSION = 5.0;
				TARGETED_DEVICE_FAMILY = "1,2";
			};
			name = Debug;
		};
		277EE01426A6C7CA00B280EB /* Release */ = {
			isa = XCBuildConfiguration;
			buildSettings = {
				ASSETCATALOG_COMPILER_APPICON_NAME = AppIcon;
				ASSETCATALOG_COMPILER_GLOBAL_ACCENT_COLOR_NAME = AccentColor;
				CODE_SIGN_STYLE = Automatic;
				DEVELOPMENT_TEAM = X86L5A5P2C;
				INFOPLIST_FILE = LeetCodeSwift/Info.plist;
				LD_RUNPATH_SEARCH_PATHS = (
					"$(inherited)",
					"@executable_path/Frameworks",
				);
				PRODUCT_BUNDLE_IDENTIFIER = com.tianrui.LeetCodeSwift;
				PRODUCT_NAME = "$(TARGET_NAME)";
				SWIFT_VERSION = 5.0;
				TARGETED_DEVICE_FAMILY = "1,2";
			};
			name = Release;
		};
/* End XCBuildConfiguration section */

/* Begin XCConfigurationList section */
		277EDFF926A6C7BF00B280EB /* Build configuration list for PBXProject "LeetCodeSwift" */ = {
			isa = XCConfigurationList;
			buildConfigurations = (
				277EE01026A6C7CA00B280EB /* Debug */,
				277EE01126A6C7CA00B280EB /* Release */,
			);
			defaultConfigurationIsVisible = 0;
			defaultConfigurationName = Release;
		};
		277EE01226A6C7CA00B280EB /* Build configuration list for PBXNativeTarget "LeetCodeSwift" */ = {
			isa = XCConfigurationList;
			buildConfigurations = (
				277EE01326A6C7CA00B280EB /* Debug */,
				277EE01426A6C7CA00B280EB /* Release */,
			);
			defaultConfigurationIsVisible = 0;
			defaultConfigurationName = Release;
		};
/* End XCConfigurationList section */
	};
	rootObject = 277EDFF626A6C7BF00B280EB /* Project object */;
}
